// !$*UTF8*$!
{
	archiveVersion = 1;
	classes = {
	};
	objectVersion = 56;
	objects = {

/* Begin PBXBuildFile section */
		374179C92A31AAD1006FA39A /* NetworkAPI.docc in Sources */ = {isa = PBXBuildFile; fileRef = 374179C82A31AAD1006FA39A /* NetworkAPI.docc */; };
		374179CF2A31AAD1006FA39A /* NetworkAPI.framework in Frameworks */ = {isa = PBXBuildFile; fileRef = 374179C42A31AAD1006FA39A /* NetworkAPI.framework */; };
		374179D42A31AAD1006FA39A /* NetworkAPITests.swift in Sources */ = {isa = PBXBuildFile; fileRef = 374179D32A31AAD1006FA39A /* NetworkAPITests.swift */; };
		374179D52A31AAD1006FA39A /* NetworkAPI.h in Headers */ = {isa = PBXBuildFile; fileRef = 374179C72A31AAD1006FA39A /* NetworkAPI.h */; settings = {ATTRIBUTES = (Public, ); }; };
/* End PBXBuildFile section */

/* Begin PBXContainerItemProxy section */
		374179D02A31AAD1006FA39A /* PBXContainerItemProxy */ = {
			isa = PBXContainerItemProxy;
			containerPortal = 374179BB2A31AAD1006FA39A /* Project object */;
			proxyType = 1;
			remoteGlobalIDString = 374179C32A31AAD1006FA39A;
			remoteInfo = NetworkAPI;
		};
/* End PBXContainerItemProxy section */

/* Begin PBXFileReference section */
		374179C42A31AAD1006FA39A /* NetworkAPI.framework */ = {isa = PBXFileReference; explicitFileType = wrapper.framework; includeInIndex = 0; path = NetworkAPI.framework; sourceTree = BUILT_PRODUCTS_DIR; };
		374179C72A31AAD1006FA39A /* NetworkAPI.h */ = {isa = PBXFileReference; lastKnownFileType = sourcecode.c.h; path = NetworkAPI.h; sourceTree = "<group>"; };
		374179C82A31AAD1006FA39A /* NetworkAPI.docc */ = {isa = PBXFileReference; lastKnownFileType = folder.documentationcatalog; path = NetworkAPI.docc; sourceTree = "<group>"; };
		374179CE2A31AAD1006FA39A /* NetworkAPITests.xctest */ = {isa = PBXFileReference; explicitFileType = wrapper.cfbundle; includeInIndex = 0; path = NetworkAPITests.xctest; sourceTree = BUILT_PRODUCTS_DIR; };
		374179D32A31AAD1006FA39A /* NetworkAPITests.swift */ = {isa = PBXFileReference; lastKnownFileType = sourcecode.swift; path = NetworkAPITests.swift; sourceTree = "<group>"; };
/* End PBXFileReference section */

/* Begin PBXFrameworksBuildPhase section */
		374179C12A31AAD1006FA39A /* Frameworks */ = {
			isa = PBXFrameworksBuildPhase;
			buildActionMask = 2147483647;
			files = (
			);
			runOnlyForDeploymentPostprocessing = 0;
		};
		374179CB2A31AAD1006FA39A /* Frameworks */ = {
			isa = PBXFrameworksBuildPhase;
			buildActionMask = 2147483647;
			files = (
				374179CF2A31AAD1006FA39A /* NetworkAPI.framework in Frameworks */,
			);
			runOnlyForDeploymentPostprocessing = 0;
		};
/* End PBXFrameworksBuildPhase section */

/* Begin PBXGroup section */
		374179BA2A31AAD1006FA39A = {
			isa = PBXGroup;
			children = (
				374179C62A31AAD1006FA39A /* NetworkAPI */,
				374179D22A31AAD1006FA39A /* NetworkAPITests */,
				374179C52A31AAD1006FA39A /* Products */,
			);
			sourceTree = "<group>";
		};
		374179C52A31AAD1006FA39A /* Products */ = {
			isa = PBXGroup;
			children = (
				374179C42A31AAD1006FA39A /* NetworkAPI.framework */,
				374179CE2A31AAD1006FA39A /* NetworkAPITests.xctest */,
			);
			name = Products;
			sourceTree = "<group>";
		};
		374179C62A31AAD1006FA39A /* NetworkAPI */ = {
			isa = PBXGroup;
			children = (
				374179C72A31AAD1006FA39A /* NetworkAPI.h */,
				374179C82A31AAD1006FA39A /* NetworkAPI.docc */,
			);
			path = NetworkAPI;
			sourceTree = "<group>";
		};
		374179D22A31AAD1006FA39A /* NetworkAPITests */ = {
			isa = PBXGroup;
			children = (
				374179D32A31AAD1006FA39A /* NetworkAPITests.swift */,
			);
			path = NetworkAPITests;
			sourceTree = "<group>";
		};
/* End PBXGroup section */

/* Begin PBXHeadersBuildPhase section */
		374179BF2A31AAD1006FA39A /* Headers */ = {
			isa = PBXHeadersBuildPhase;
			buildActionMask = 2147483647;
			files = (
				374179D52A31AAD1006FA39A /* NetworkAPI.h in Headers */,
			);
			runOnlyForDeploymentPostprocessing = 0;
		};
/* End PBXHeadersBuildPhase section */

/* Begin PBXNativeTarget section */
		374179C32A31AAD1006FA39A /* NetworkAPI */ = {
			isa = PBXNativeTarget;
			buildConfigurationList = 374179D82A31AAD1006FA39A /* Build configuration list for PBXNativeTarget "NetworkAPI" */;
			buildPhases = (
				374179BF2A31AAD1006FA39A /* Headers */,
				374179C02A31AAD1006FA39A /* Sources */,
				374179C12A31AAD1006FA39A /* Frameworks */,
				374179C22A31AAD1006FA39A /* Resources */,
			);
			buildRules = (
			);
			dependencies = (
			);
			name = NetworkAPI;
			productName = NetworkAPI;
			productReference = 374179C42A31AAD1006FA39A /* NetworkAPI.framework */;
			productType = "com.apple.product-type.framework";
		};
		374179CD2A31AAD1006FA39A /* NetworkAPITests */ = {
			isa = PBXNativeTarget;
			buildConfigurationList = 374179DB2A31AAD1006FA39A /* Build configuration list for PBXNativeTarget "NetworkAPITests" */;
			buildPhases = (
				374179CA2A31AAD1006FA39A /* Sources */,
				374179CB2A31AAD1006FA39A /* Frameworks */,
				374179CC2A31AAD1006FA39A /* Resources */,
			);
			buildRules = (
			);
			dependencies = (
				374179D12A31AAD1006FA39A /* PBXTargetDependency */,
			);
			name = NetworkAPITests;
			productName = NetworkAPITests;
			productReference = 374179CE2A31AAD1006FA39A /* NetworkAPITests.xctest */;
			productType = "com.apple.product-type.bundle.unit-test";
		};
/* End PBXNativeTarget section */

/* Begin PBXProject section */
		374179BB2A31AAD1006FA39A /* Project object */ = {
			isa = PBXProject;
			attributes = {
				BuildIndependentTargetsInParallel = 1;
				LastSwiftUpdateCheck = 1430;
				LastUpgradeCheck = 1430;
				TargetAttributes = {
					374179C32A31AAD1006FA39A = {
						CreatedOnToolsVersion = 14.3;
					};
					374179CD2A31AAD1006FA39A = {
						CreatedOnToolsVersion = 14.3;
					};
				};
			};
			buildConfigurationList = 374179BE2A31AAD1006FA39A /* Build configuration list for PBXProject "NetworkAPI" */;
			compatibilityVersion = "Xcode 14.0";
			developmentRegion = en;
			hasScannedForEncodings = 0;
			knownRegions = (
				en,
				Base,
			);
			mainGroup = 374179BA2A31AAD1006FA39A;
			productRefGroup = 374179C52A31AAD1006FA39A /* Products */;
			projectDirPath = "";
			projectRoot = "";
			targets = (
				374179C32A31AAD1006FA39A /* NetworkAPI */,
				374179CD2A31AAD1006FA39A /* NetworkAPITests */,
			);
		};
/* End PBXProject section */

/* Begin PBXResourcesBuildPhase section */
		374179C22A31AAD1006FA39A /* Resources */ = {
			isa = PBXResourcesBuildPhase;
			buildActionMask = 2147483647;
			files = (
			);
			runOnlyForDeploymentPostprocessing = 0;
		};
		374179CC2A31AAD1006FA39A /* Resources */ = {
			isa = PBXResourcesBuildPhase;
			buildActionMask = 2147483647;
			files = (
			);
			runOnlyForDeploymentPostprocessing = 0;
		};
/* End PBXResourcesBuildPhase section */

/* Begin PBXSourcesBuildPhase section */
		374179C02A31AAD1006FA39A /* Sources */ = {
			isa = PBXSourcesBuildPhase;
			buildActionMask = 2147483647;
			files = (
				374179C92A31AAD1006FA39A /* NetworkAPI.docc in Sources */,
			);
			runOnlyForDeploymentPostprocessing = 0;
		};
		374179CA2A31AAD1006FA39A /* Sources */ = {
			isa = PBXSourcesBuildPhase;
			buildActionMask = 2147483647;
			files = (
				374179D42A31AAD1006FA39A /* NetworkAPITests.swift in Sources */,
			);
			runOnlyForDeploymentPostprocessing = 0;
		};
/* End PBXSourcesBuildPhase section */

/* Begin PBXTargetDependency section */
		374179D12A31AAD1006FA39A /* PBXTargetDependency */ = {
			isa = PBXTargetDependency;
			target = 374179C32A31AAD1006FA39A /* NetworkAPI */;
			targetProxy = 374179D02A31AAD1006FA39A /* PBXContainerItemProxy */;
		};
/* End PBXTargetDependency section */

/* Begin XCBuildConfiguration section */
		374179D62A31AAD1006FA39A /* Debug */ = {
			isa = XCBuildConfiguration;
			buildSettings = {
				ALWAYS_SEARCH_USER_PATHS = NO;
				CLANG_ANALYZER_NONNULL = YES;
				CLANG_ANALYZER_NUMBER_OBJECT_CONVERSION = YES_AGGRESSIVE;
				CLANG_CXX_LANGUAGE_STANDARD = "gnu++20";
				CLANG_ENABLE_MODULES = YES;
				CLANG_ENABLE_OBJC_ARC = YES;
				CLANG_ENABLE_OBJC_WEAK = YES;
				CLANG_WARN_BLOCK_CAPTURE_AUTORELEASING = YES;
				CLANG_WARN_BOOL_CONVERSION = YES;
				CLANG_WARN_COMMA = YES;
				CLANG_WARN_CONSTANT_CONVERSION = YES;
				CLANG_WARN_DEPRECATED_OBJC_IMPLEMENTATIONS = YES;
				CLANG_WARN_DIRECT_OBJC_ISA_USAGE = YES_ERROR;
				CLANG_WARN_DOCUMENTATION_COMMENTS = YES;
				CLANG_WARN_EMPTY_BODY = YES;
				CLANG_WARN_ENUM_CONVERSION = YES;
				CLANG_WARN_INFINITE_RECURSION = YES;
				CLANG_WARN_INT_CONVERSION = YES;
				CLANG_WARN_NON_LITERAL_NULL_CONVERSION = YES;
				CLANG_WARN_OBJC_IMPLICIT_RETAIN_SELF = YES;
				CLANG_WARN_OBJC_LITERAL_CONVERSION = YES;
				CLANG_WARN_OBJC_ROOT_CLASS = YES_ERROR;
				CLANG_WARN_QUOTED_INCLUDE_IN_FRAMEWORK_HEADER = YES;
				CLANG_WARN_RANGE_LOOP_ANALYSIS = YES;
				CLANG_WARN_STRICT_PROTOTYPES = YES;
				CLANG_WARN_SUSPICIOUS_MOVE = YES;
				CLANG_WARN_UNGUARDED_AVAILABILITY = YES_AGGRESSIVE;
				CLANG_WARN_UNREACHABLE_CODE = YES;
				CLANG_WARN__DUPLICATE_METHOD_MATCH = YES;
				COPY_PHASE_STRIP = NO;
				CURRENT_PROJECT_VERSION = 1;
				DEBUG_INFORMATION_FORMAT = dwarf;
				ENABLE_STRICT_OBJC_MSGSEND = YES;
				ENABLE_TESTABILITY = YES;
				GCC_C_LANGUAGE_STANDARD = gnu11;
				GCC_DYNAMIC_NO_PIC = NO;
				GCC_NO_COMMON_BLOCKS = YES;
				GCC_OPTIMIZATION_LEVEL = 0;
				GCC_PREPROCESSOR_DEFINITIONS = (
					"DEBUG=1",
					"$(inherited)",
				);
				GCC_WARN_64_TO_32_BIT_CONVERSION = YES;
				GCC_WARN_ABOUT_RETURN_TYPE = YES_ERROR;
				GCC_WARN_UNDECLARED_SELECTOR = YES;
				GCC_WARN_UNINITIALIZED_AUTOS = YES_AGGRESSIVE;
				GCC_WARN_UNUSED_FUNCTION = YES;
				GCC_WARN_UNUSED_VARIABLE = YES;
				IPHONEOS_DEPLOYMENT_TARGET = 16.4;
				MTL_ENABLE_DEBUG_INFO = INCLUDE_SOURCE;
				MTL_FAST_MATH = YES;
				ONLY_ACTIVE_ARCH = YES;
				SDKROOT = iphoneos;
				SWIFT_ACTIVE_COMPILATION_CONDITIONS = DEBUG;
				SWIFT_OPTIMIZATION_LEVEL = "-Onone";
				VERSIONING_SYSTEM = "apple-generic";
				VERSION_INFO_PREFIX = "";
			};
			name = Debug;
		};
		374179D72A31AAD1006FA39A /* Release */ = {
			isa = XCBuildConfiguration;
			buildSettings = {
				ALWAYS_SEARCH_USER_PATHS = NO;
				CLANG_ANALYZER_NONNULL = YES;
				CLANG_ANALYZER_NUMBER_OBJECT_CONVERSION = YES_AGGRESSIVE;
				CLANG_CXX_LANGUAGE_STANDARD = "gnu++20";
				CLANG_ENABLE_MODULES = YES;
				CLANG_ENABLE_OBJC_ARC = YES;
				CLANG_ENABLE_OBJC_WEAK = YES;
				CLANG_WARN_BLOCK_CAPTURE_AUTORELEASING = YES;
				CLANG_WARN_BOOL_CONVERSION = YES;
				CLANG_WARN_COMMA = YES;
				CLANG_WARN_CONSTANT_CONVERSION = YES;
				CLANG_WARN_DEPRECATED_OBJC_IMPLEMENTATIONS = YES;
				CLANG_WARN_DIRECT_OBJC_ISA_USAGE = YES_ERROR;
				CLANG_WARN_DOCUMENTATION_COMMENTS = YES;
				CLANG_WARN_EMPTY_BODY = YES;
				CLANG_WARN_ENUM_CONVERSION = YES;
				CLANG_WARN_INFINITE_RECURSION = YES;
				CLANG_WARN_INT_CONVERSION = YES;
				CLANG_WARN_NON_LITERAL_NULL_CONVERSION = YES;
				CLANG_WARN_OBJC_IMPLICIT_RETAIN_SELF = YES;
				CLANG_WARN_OBJC_LITERAL_CONVERSION = YES;
				CLANG_WARN_OBJC_ROOT_CLASS = YES_ERROR;
				CLANG_WARN_QUOTED_INCLUDE_IN_FRAMEWORK_HEADER = YES;
				CLANG_WARN_RANGE_LOOP_ANALYSIS = YES;
				CLANG_WARN_STRICT_PROTOTYPES = YES;
				CLANG_WARN_SUSPICIOUS_MOVE = YES;
				CLANG_WARN_UNGUARDED_AVAILABILITY = YES_AGGRESSIVE;
				CLANG_WARN_UNREACHABLE_CODE = YES;
				CLANG_WARN__DUPLICATE_METHOD_MATCH = YES;
				COPY_PHASE_STRIP = NO;
				CURRENT_PROJECT_VERSION = 1;
				DEBUG_INFORMATION_FORMAT = "dwarf-with-dsym";
				ENABLE_NS_ASSERTIONS = NO;
				ENABLE_STRICT_OBJC_MSGSEND = YES;
				GCC_C_LANGUAGE_STANDARD = gnu11;
				GCC_NO_COMMON_BLOCKS = YES;
				GCC_WARN_64_TO_32_BIT_CONVERSION = YES;
				GCC_WARN_ABOUT_RETURN_TYPE = YES_ERROR;
				GCC_WARN_UNDECLARED_SELECTOR = YES;
				GCC_WARN_UNINITIALIZED_AUTOS = YES_AGGRESSIVE;
				GCC_WARN_UNUSED_FUNCTION = YES;
				GCC_WARN_UNUSED_VARIABLE = YES;
				IPHONEOS_DEPLOYMENT_TARGET = 16.4;
				MTL_ENABLE_DEBUG_INFO = NO;
				MTL_FAST_MATH = YES;
				SDKROOT = iphoneos;
				SWIFT_COMPILATION_MODE = wholemodule;
				SWIFT_OPTIMIZATION_LEVEL = "-O";
				VALIDATE_PRODUCT = YES;
				VERSIONING_SYSTEM = "apple-generic";
				VERSION_INFO_PREFIX = "";
			};
			name = Release;
		};
		374179D92A31AAD1006FA39A /* Debug */ = {
			isa = XCBuildConfiguration;
			buildSettings = {
				CODE_SIGN_STYLE = Automatic;
				CURRENT_PROJECT_VERSION = 1;
				DEFINES_MODULE = YES;
				DEVELOPMENT_TEAM = FB8LQ6BXM4;
				DYLIB_COMPATIBILITY_VERSION = 1;
				DYLIB_CURRENT_VERSION = 1;
				DYLIB_INSTALL_NAME_BASE = "@rpath";
				ENABLE_MODULE_VERIFIER = YES;
				GENERATE_INFOPLIST_FILE = YES;
				INFOPLIST_KEY_NSHumanReadableCopyright = "";
				INSTALL_PATH = "$(LOCAL_LIBRARY_DIR)/Frameworks";
				LD_RUNPATH_SEARCH_PATHS = (
					"$(inherited)",
					"@executable_path/Frameworks",
					"@loader_path/Frameworks",
				);
				MARKETING_VERSION = 1.0;
				MODULE_VERIFIER_SUPPORTED_LANGUAGES = "objective-c objective-c++";
				MODULE_VERIFIER_SUPPORTED_LANGUAGE_STANDARDS = "gnu11 gnu++20";
				PRODUCT_BUNDLE_IDENTIFIER = md.frameworks.NetworkAPI;
				PRODUCT_NAME = "$(TARGET_NAME:c99extidentifier)";
				SKIP_INSTALL = YES;
				SWIFT_EMIT_LOC_STRINGS = YES;
				SWIFT_VERSION = 5.0;
				TARGETED_DEVICE_FAMILY = "1,2";
			};
			name = Debug;
		};
		374179DA2A31AAD1006FA39A /* Release */ = {
			isa = XCBuildConfiguration;
			buildSettings = {
				CODE_SIGN_STYLE = Automatic;
				CURRENT_PROJECT_VERSION = 1;
				DEFINES_MODULE = YES;
				DEVELOPMENT_TEAM = FB8LQ6BXM4;
				DYLIB_COMPATIBILITY_VERSION = 1;
				DYLIB_CURRENT_VERSION = 1;
				DYLIB_INSTALL_NAME_BASE = "@rpath";
				ENABLE_MODULE_VERIFIER = YES;
				GENERATE_INFOPLIST_FILE = YES;
				INFOPLIST_KEY_NSHumanReadableCopyright = "";
				INSTALL_PATH = "$(LOCAL_LIBRARY_DIR)/Frameworks";
				LD_RUNPATH_SEARCH_PATHS = (
					"$(inherited)",
					"@executable_path/Frameworks",
					"@loader_path/Frameworks",
				);
				MARKETING_VERSION = 1.0;
				MODULE_VERIFIER_SUPPORTED_LANGUAGES = "objective-c objective-c++";
				MODULE_VERIFIER_SUPPORTED_LANGUAGE_STANDARDS = "gnu11 gnu++20";
				PRODUCT_BUNDLE_IDENTIFIER = md.frameworks.NetworkAPI;
				PRODUCT_NAME = "$(TARGET_NAME:c99extidentifier)";
				SKIP_INSTALL = YES;
				SWIFT_EMIT_LOC_STRINGS = YES;
				SWIFT_VERSION = 5.0;
				TARGETED_DEVICE_FAMILY = "1,2";
			};
			name = Release;
		};
		374179DC2A31AAD1006FA39A /* Debug */ = {
			isa = XCBuildConfiguration;
			buildSettings = {
				CODE_SIGN_STYLE = Automatic;
				CURRENT_PROJECT_VERSION = 1;
				DEVELOPMENT_TEAM = FB8LQ6BXM4;
				GENERATE_INFOPLIST_FILE = YES;
				MARKETING_VERSION = 1.0;
				PRODUCT_BUNDLE_IDENTIFIER = md.frameworks.NetworkAPITests;
				PRODUCT_NAME = "$(TARGET_NAME)";
				SWIFT_EMIT_LOC_STRINGS = NO;
				SWIFT_VERSION = 5.0;
				TARGETED_DEVICE_FAMILY = "1,2";
			};
			name = Debug;
		};
		374179DD2A31AAD1006FA39A /* Release */ = {
			isa = XCBuildConfiguration;
			buildSettings = {
				CODE_SIGN_STYLE = Automatic;
				CURRENT_PROJECT_VERSION = 1;
				DEVELOPMENT_TEAM = FB8LQ6BXM4;
				GENERATE_INFOPLIST_FILE = YES;
				MARKETING_VERSION = 1.0;
				PRODUCT_BUNDLE_IDENTIFIER = md.frameworks.NetworkAPITests;
				PRODUCT_NAME = "$(TARGET_NAME)";
				SWIFT_EMIT_LOC_STRINGS = NO;
				SWIFT_VERSION = 5.0;
				TARGETED_DEVICE_FAMILY = "1,2";
			};
			name = Release;
		};
/* End XCBuildConfiguration section */

/* Begin XCConfigurationList section */
		374179BE2A31AAD1006FA39A /* Build configuration list for PBXProject "NetworkAPI" */ = {
			isa = XCConfigurationList;
			buildConfigurations = (
				374179D62A31AAD1006FA39A /* Debug */,
				374179D72A31AAD1006FA39A /* Release */,
			);
			defaultConfigurationIsVisible = 0;
			defaultConfigurationName = Release;
		};
		374179D82A31AAD1006FA39A /* Build configuration list for PBXNativeTarget "NetworkAPI" */ = {
			isa = XCConfigurationList;
			buildConfigurations = (
				374179D92A31AAD1006FA39A /* Debug */,
				374179DA2A31AAD1006FA39A /* Release */,
			);
			defaultConfigurationIsVisible = 0;
			defaultConfigurationName = Release;
		};
		374179DB2A31AAD1006FA39A /* Build configuration list for PBXNativeTarget "NetworkAPITests" */ = {
			isa = XCConfigurationList;
			buildConfigurations = (
				374179DC2A31AAD1006FA39A /* Debug */,
				374179DD2A31AAD1006FA39A /* Release */,
			);
			defaultConfigurationIsVisible = 0;
			defaultConfigurationName = Release;
		};
/* End XCConfigurationList section */
	};
	rootObject = 374179BB2A31AAD1006FA39A /* Project object */;
}
