PODS:
  - NetworkAPI (1.0.0)
  - SDWebImage (5.15.5):
    - SDWebImage/Core (= 5.15.5)
  - SDWebImage/Core (5.15.5)
  - Swinject (2.8.3)

DEPENDENCIES:
  - NetworkAPI (from `https://github.com/IosBlessed/NetworkAPI.git`, branch `master`)
  - SDWebImage (~> 5.0)
  - Swinject

SPEC REPOS:
  trunk:
    - SDWebImage
    - Swinject

EXTERNAL SOURCES:
  NetworkAPI:
    :branch: master
    :git: https://github.com/IosBlessed/NetworkAPI.git

CHECKOUT OPTIONS:
  NetworkAPI:
    :commit: 5f47e4ba788a576dbc5d5cadb8921cfe1f262674
    :git: https://github.com/IosBlessed/NetworkAPI.git

SPEC CHECKSUMS:
  NetworkAPI: 99c3675b4d85ce8523f21dd6a7fa52f64d629a52
  SDWebImage: fd7e1a22f00303e058058278639bf6196ee431fe
  Swinject: 893c9a543000ac2f10ee4cbaf0933c6992c935d5

PODFILE CHECKSUM: 6d3228d8ba5089777eb0081b07bbb88d166cae96

COCOAPODS: 1.12.0
